// !$*UTF8*$!
{
	archiveVersion = 1;
	classes = {
	};
	objectVersion = 46;
	objects = {

/* Begin PBXBuildFile section */
		2D7817C61A85E7C7001D5B29 /* main.m in Sources */ = {isa = PBXBuildFile; fileRef = 2D7817C51A85E7C7001D5B29 /* main.m */; };
		2D7817C91A85E7C7001D5B29 /* AppDelegate.m in Sources */ = {isa = PBXBuildFile; fileRef = 2D7817C81A85E7C7001D5B29 /* AppDelegate.m */; };
		2D7817CC1A85E7C7001D5B29 /* ViewController.m in Sources */ = {isa = PBXBuildFile; fileRef = 2D7817CB1A85E7C7001D5B29 /* ViewController.m */; };
		2D7817CF1A85E7C7001D5B29 /* Main.storyboard in Resources */ = {isa = PBXBuildFile; fileRef = 2D7817CD1A85E7C7001D5B29 /* Main.storyboard */; };
		2D7817D11A85E7C7001D5B29 /* Images.xcassets in Resources */ = {isa = PBXBuildFile; fileRef = 2D7817D01A85E7C7001D5B29 /* Images.xcassets */; };
		2D7817D41A85E7C7001D5B29 /* LaunchScreen.xib in Resources */ = {isa = PBXBuildFile; fileRef = 2D7817D21A85E7C7001D5B29 /* LaunchScreen.xib */; };
		2D7817E01A85E7C7001D5B29 /* NomNomTests.m in Sources */ = {isa = PBXBuildFile; fileRef = 2D7817DF1A85E7C7001D5B29 /* NomNomTests.m */; };
/* End PBXBuildFile section */

/* Begin PBXContainerItemProxy section */
		2D7817DA1A85E7C7001D5B29 /* PBXContainerItemProxy */ = {
			isa = PBXContainerItemProxy;
			containerPortal = 2D7817B81A85E7C7001D5B29 /* Project object */;
			proxyType = 1;
			remoteGlobalIDString = 2D7817BF1A85E7C7001D5B29;
			remoteInfo = NomNom;
		};
/* End PBXContainerItemProxy section */

/* Begin PBXFileReference section */
		2D7817C01A85E7C7001D5B29 /* NomNom.app */ = {isa = PBXFileReference; explicitFileType = wrapper.application; includeInIndex = 0; path = NomNom.app; sourceTree = BUILT_PRODUCTS_DIR; };
		2D7817C41A85E7C7001D5B29 /* Info.plist */ = {isa = PBXFileReference; lastKnownFileType = text.plist.xml; path = Info.plist; sourceTree = "<group>"; };
		2D7817C51A85E7C7001D5B29 /* main.m */ = {isa = PBXFileReference; lastKnownFileType = sourcecode.c.objc; path = main.m; sourceTree = "<group>"; };
		2D7817C71A85E7C7001D5B29 /* AppDelegate.h */ = {isa = PBXFileReference; lastKnownFileType = sourcecode.c.h; path = AppDelegate.h; sourceTree = "<group>"; };
		2D7817C81A85E7C7001D5B29 /* AppDelegate.m */ = {isa = PBXFileReference; lastKnownFileType = sourcecode.c.objc; path = AppDelegate.m; sourceTree = "<group>"; };
		2D7817CA1A85E7C7001D5B29 /* ViewController.h */ = {isa = PBXFileReference; lastKnownFileType = sourcecode.c.h; path = ViewController.h; sourceTree = "<group>"; };
		2D7817CB1A85E7C7001D5B29 /* ViewController.m */ = {isa = PBXFileReference; lastKnownFileType = sourcecode.c.objc; path = ViewController.m; sourceTree = "<group>"; };
		2D7817CE1A85E7C7001D5B29 /* Base */ = {isa = PBXFileReference; lastKnownFileType = file.storyboard; name = Base; path = Base.lproj/Main.storyboard; sourceTree = "<group>"; };
		2D7817D01A85E7C7001D5B29 /* Images.xcassets */ = {isa = PBXFileReference; lastKnownFileType = folder.assetcatalog; path = Images.xcassets; sourceTree = "<group>"; };
		2D7817D31A85E7C7001D5B29 /* Base */ = {isa = PBXFileReference; lastKnownFileType = file.xib; name = Base; path = Base.lproj/LaunchScreen.xib; sourceTree = "<group>"; };
		2D7817D91A85E7C7001D5B29 /* NomNomTests.xctest */ = {isa = PBXFileReference; explicitFileType = wrapper.cfbundle; includeInIndex = 0; path = NomNomTests.xctest; sourceTree = BUILT_PRODUCTS_DIR; };
		2D7817DE1A85E7C7001D5B29 /* Info.plist */ = {isa = PBXFileReference; lastKnownFileType = text.plist.xml; path = Info.plist; sourceTree = "<group>"; };
		2D7817DF1A85E7C7001D5B29 /* NomNomTests.m */ = {isa = PBXFileReference; lastKnownFileType = sourcecode.c.objc; path = NomNomTests.m; sourceTree = "<group>"; };
/* End PBXFileReference section */

/* Begin PBXFrameworksBuildPhase section */
		2D7817BD1A85E7C7001D5B29 /* Frameworks */ = {
			isa = PBXFrameworksBuildPhase;
			buildActionMask = 2147483647;
			files = (
			);
			runOnlyForDeploymentPostprocessing = 0;
		};
		2D7817D61A85E7C7001D5B29 /* Frameworks */ = {
			isa = PBXFrameworksBuildPhase;
			buildActionMask = 2147483647;
			files = (
			);
			runOnlyForDeploymentPostprocessing = 0;
		};
/* End PBXFrameworksBuildPhase section */

/* Begin PBXGroup section */
		2D7817B71A85E7C7001D5B29 = {
			isa = PBXGroup;
			children = (
				2D7817C21A85E7C7001D5B29 /* NomNom */,
				2D7817DC1A85E7C7001D5B29 /* NomNomTests */,
				2D7817C11A85E7C7001D5B29 /* Products */,
			);
			sourceTree = "<group>";
		};
		2D7817C11A85E7C7001D5B29 /* Products */ = {
			isa = PBXGroup;
			children = (
				2D7817C01A85E7C7001D5B29 /* NomNom.app */,
				2D7817D91A85E7C7001D5B29 /* NomNomTests.xctest */,
			);
			name = Products;
			sourceTree = "<group>";
		};
		2D7817C21A85E7C7001D5B29 /* NomNom */ = {
			isa = PBXGroup;
			children = (
				2D7817C71A85E7C7001D5B29 /* AppDelegate.h */,
				2D7817C81A85E7C7001D5B29 /* AppDelegate.m */,
				2D7817CA1A85E7C7001D5B29 /* ViewController.h */,
				2D7817CB1A85E7C7001D5B29 /* ViewController.m */,
				2D7817CD1A85E7C7001D5B29 /* Main.storyboard */,
				2D7817D01A85E7C7001D5B29 /* Images.xcassets */,
				2D7817D21A85E7C7001D5B29 /* LaunchScreen.xib */,
				2D7817C31A85E7C7001D5B29 /* Supporting Files */,
			);
			path = NomNom;
			sourceTree = "<group>";
		};
		2D7817C31A85E7C7001D5B29 /* Supporting Files */ = {
			isa = PBXGroup;
			children = (
				2D7817C41A85E7C7001D5B29 /* Info.plist */,
				2D7817C51A85E7C7001D5B29 /* main.m */,
			);
			name = "Supporting Files";
			sourceTree = "<group>";
		};
		2D7817DC1A85E7C7001D5B29 /* NomNomTests */ = {
			isa = PBXGroup;
			children = (
				2D7817DF1A85E7C7001D5B29 /* NomNomTests.m */,
				2D7817DD1A85E7C7001D5B29 /* Supporting Files */,
			);
			path = NomNomTests;
			sourceTree = "<group>";
		};
		2D7817DD1A85E7C7001D5B29 /* Supporting Files */ = {
			isa = PBXGroup;
			children = (
				2D7817DE1A85E7C7001D5B29 /* Info.plist */,
			);
			name = "Supporting Files";
			sourceTree = "<group>";
		};
/* End PBXGroup section */

/* Begin PBXNativeTarget section */
		2D7817BF1A85E7C7001D5B29 /* NomNom */ = {
			isa = PBXNativeTarget;
			buildConfigurationList = 2D7817E31A85E7C7001D5B29 /* Build configuration list for PBXNativeTarget "NomNom" */;
			buildPhases = (
				2D7817BC1A85E7C7001D5B29 /* Sources */,
				2D7817BD1A85E7C7001D5B29 /* Frameworks */,
				2D7817BE1A85E7C7001D5B29 /* Resources */,
			);
			buildRules = (
			);
			dependencies = (
			);
			name = NomNom;
			productName = NomNom;
			productReference = 2D7817C01A85E7C7001D5B29 /* NomNom.app */;
			productType = "com.apple.product-type.application";
		};
		2D7817D81A85E7C7001D5B29 /* NomNomTests */ = {
			isa = PBXNativeTarget;
			buildConfigurationList = 2D7817E61A85E7C7001D5B29 /* Build configuration list for PBXNativeTarget "NomNomTests" */;
			buildPhases = (
				2D7817D51A85E7C7001D5B29 /* Sources */,
				2D7817D61A85E7C7001D5B29 /* Frameworks */,
				2D7817D71A85E7C7001D5B29 /* Resources */,
			);
			buildRules = (
			);
			dependencies = (
				2D7817DB1A85E7C7001D5B29 /* PBXTargetDependency */,
			);
			name = NomNomTests;
			productName = NomNomTests;
			productReference = 2D7817D91A85E7C7001D5B29 /* NomNomTests.xctest */;
			productType = "com.apple.product-type.bundle.unit-test";
		};
/* End PBXNativeTarget section */

/* Begin PBXProject section */
		2D7817B81A85E7C7001D5B29 /* Project object */ = {
			isa = PBXProject;
			attributes = {
				LastUpgradeCheck = 0610;
				ORGANIZATIONNAME = "Rameez Remsudeen";
				TargetAttributes = {
					2D7817BF1A85E7C7001D5B29 = {
						CreatedOnToolsVersion = 6.1.1;
					};
					2D7817D81A85E7C7001D5B29 = {
						CreatedOnToolsVersion = 6.1.1;
						TestTargetID = 2D7817BF1A85E7C7001D5B29;
					};
				};
			};
			buildConfigurationList = 2D7817BB1A85E7C7001D5B29 /* Build configuration list for PBXProject "NomNom" */;
			compatibilityVersion = "Xcode 3.2";
			developmentRegion = English;
			hasScannedForEncodings = 0;
			knownRegions = (
				en,
				Base,
			);
			mainGroup = 2D7817B71A85E7C7001D5B29;
			productRefGroup = 2D7817C11A85E7C7001D5B29 /* Products */;
			projectDirPath = "";
			projectRoot = "";
			targets = (
				2D7817BF1A85E7C7001D5B29 /* NomNom */,
				2D7817D81A85E7C7001D5B29 /* NomNomTests */,
			);
		};
/* End PBXProject section */

/* Begin PBXResourcesBuildPhase section */
		2D7817BE1A85E7C7001D5B29 /* Resources */ = {
			isa = PBXResourcesBuildPhase;
			buildActionMask = 2147483647;
			files = (
				2D7817CF1A85E7C7001D5B29 /* Main.storyboard in Resources */,
				2D7817D41A85E7C7001D5B29 /* LaunchScreen.xib in Resources */,
				2D7817D11A85E7C7001D5B29 /* Images.xcassets in Resources */,
			);
			runOnlyForDeploymentPostprocessing = 0;
		};
		2D7817D71A85E7C7001D5B29 /* Resources */ = {
			isa = PBXResourcesBuildPhase;
			buildActionMask = 2147483647;
			files = (
			);
			runOnlyForDeploymentPostprocessing = 0;
		};
/* End PBXResourcesBuildPhase section */

/* Begin PBXSourcesBuildPhase section */
		2D7817BC1A85E7C7001D5B29 /* Sources */ = {
			isa = PBXSourcesBuildPhase;
			buildActionMask = 2147483647;
			files = (
				2D7817CC1A85E7C7001D5B29 /* ViewController.m in Sources */,
				2D7817C91A85E7C7001D5B29 /* AppDelegate.m in Sources */,
				2D7817C61A85E7C7001D5B29 /* main.m in Sources */,
			);
			runOnlyForDeploymentPostprocessing = 0;
		};
		2D7817D51A85E7C7001D5B29 /* Sources */ = {
			isa = PBXSourcesBuildPhase;
			buildActionMask = 2147483647;
			files = (
				2D7817E01A85E7C7001D5B29 /* NomNomTests.m in Sources */,
			);
			runOnlyForDeploymentPostprocessing = 0;
		};
/* End PBXSourcesBuildPhase section */

/* Begin PBXTargetDependency section */
		2D7817DB1A85E7C7001D5B29 /* PBXTargetDependency */ = {
			isa = PBXTargetDependency;
			target = 2D7817BF1A85E7C7001D5B29 /* NomNom */;
			targetProxy = 2D7817DA1A85E7C7001D5B29 /* PBXContainerItemProxy */;
		};
/* End PBXTargetDependency section */

/* Begin PBXVariantGroup section */
		2D7817CD1A85E7C7001D5B29 /* Main.storyboard */ = {
			isa = PBXVariantGroup;
			children = (
				2D7817CE1A85E7C7001D5B29 /* Base */,
			);
			name = Main.storyboard;
			sourceTree = "<group>";
		};
		2D7817D21A85E7C7001D5B29 /* LaunchScreen.xib */ = {
			isa = PBXVariantGroup;
			children = (
				2D7817D31A85E7C7001D5B29 /* Base */,
			);
			name = LaunchScreen.xib;
			sourceTree = "<group>";
		};
/* End PBXVariantGroup section */

/* Begin XCBuildConfiguration section */
		2D7817E11A85E7C7001D5B29 /* Debug */ = {
			isa = XCBuildConfiguration;
			buildSettings = {
				ALWAYS_SEARCH_USER_PATHS = NO;
				CLANG_CXX_LANGUAGE_STANDARD = "gnu++0x";
				CLANG_CXX_LIBRARY = "libc++";
				CLANG_ENABLE_MODULES = YES;
				CLANG_ENABLE_OBJC_ARC = YES;
				CLANG_WARN_BOOL_CONVERSION = YES;
				CLANG_WARN_CONSTANT_CONVERSION = YES;
				CLANG_WARN_DIRECT_OBJC_ISA_USAGE = YES_ERROR;
				CLANG_WARN_EMPTY_BODY = YES;
				CLANG_WARN_ENUM_CONVERSION = YES;
				CLANG_WARN_INT_CONVERSION = YES;
				CLANG_WARN_OBJC_ROOT_CLASS = YES_ERROR;
				CLANG_WARN_UNREACHABLE_CODE = YES;
				CLANG_WARN__DUPLICATE_METHOD_MATCH = YES;
				"CODE_SIGN_IDENTITY[sdk=iphoneos*]" = "iPhone Developer";
				COPY_PHASE_STRIP = NO;
				ENABLE_STRICT_OBJC_MSGSEND = YES;
				GCC_C_LANGUAGE_STANDARD = gnu99;
				GCC_DYNAMIC_NO_PIC = NO;
				GCC_OPTIMIZATION_LEVEL = 0;
				GCC_PREPROCESSOR_DEFINITIONS = (
					"DEBUG=1",
					"$(inherited)",
				);
				GCC_SYMBOLS_PRIVATE_EXTERN = NO;
				GCC_WARN_64_TO_32_BIT_CONVERSION = YES;
				GCC_WARN_ABOUT_RETURN_TYPE = YES_ERROR;
				GCC_WARN_UNDECLARED_SELECTOR = YES;
				GCC_WARN_UNINITIALIZED_AUTOS = YES_AGGRESSIVE;
				GCC_WARN_UNUSED_FUNCTION = YES;
				GCC_WARN_UNUSED_VARIABLE = YES;
				IPHONEOS_DEPLOYMENT_TARGET = 8.1;
				MTL_ENABLE_DEBUG_INFO = YES;
				ONLY_ACTIVE_ARCH = YES;
				SDKROOT = iphoneos;
			};
			name = Debug;
		};
		2D7817E21A85E7C7001D5B29 /* Release */ = {
			isa = XCBuildConfiguration;
			buildSettings = {
				ALWAYS_SEARCH_USER_PATHS = NO;
				CLANG_CXX_LANGUAGE_STANDARD = "gnu++0x";
				CLANG_CXX_LIBRARY = "libc++";
				CLANG_ENABLE_MODULES = YES;
				CLANG_ENABLE_OBJC_ARC = YES;
				CLANG_WARN_BOOL_CONVERSION = YES;
				CLANG_WARN_CONSTANT_CONVERSION = YES;
				CLANG_WARN_DIRECT_OBJC_ISA_USAGE = YES_ERROR;
				CLANG_WARN_EMPTY_BODY = YES;
				CLANG_WARN_ENUM_CONVERSION = YES;
				CLANG_WARN_INT_CONVERSION = YES;
				CLANG_WARN_OBJC_ROOT_CLASS = YES_ERROR;
				CLANG_WARN_UNREACHABLE_CODE = YES;
				CLANG_WARN__DUPLICATE_METHOD_MATCH = YES;
				"CODE_SIGN_IDENTITY[sdk=iphoneos*]" = "iPhone Developer";
				COPY_PHASE_STRIP = YES;
				ENABLE_NS_ASSERTIONS = NO;
				ENABLE_STRICT_OBJC_MSGSEND = YES;
				GCC_C_LANGUAGE_STANDARD = gnu99;
				GCC_WARN_64_TO_32_BIT_CONVERSION = YES;
				GCC_WARN_ABOUT_RETURN_TYPE = YES_ERROR;
				GCC_WARN_UNDECLARED_SELECTOR = YES;
				GCC_WARN_UNINITIALIZED_AUTOS = YES_AGGRESSIVE;
				GCC_WARN_UNUSED_FUNCTION = YES;
				GCC_WARN_UNUSED_VARIABLE = YES;
				IPHONEOS_DEPLOYMENT_TARGET = 8.1;
				MTL_ENABLE_DEBUG_INFO = NO;
				SDKROOT = iphoneos;
				VALIDATE_PRODUCT = YES;
			};
			name = Release;
		};
		2D7817E41A85E7C7001D5B29 /* Debug */ = {
			isa = XCBuildConfiguration;
			buildSettings = {
				ASSETCATALOG_COMPILER_APPICON_NAME = AppIcon;
				INFOPLIST_FILE = NomNom/Info.plist;
				LD_RUNPATH_SEARCH_PATHS = "$(inherited) @executable_path/Frameworks";
				PRODUCT_NAME = "$(TARGET_NAME)";
			};
			name = Debug;
		};
		2D7817E51A85E7C7001D5B29 /* Release */ = {
			isa = XCBuildConfiguration;
			buildSettings = {
				ASSETCATALOG_COMPILER_APPICON_NAME = AppIcon;
				INFOPLIST_FILE = NomNom/Info.plist;
				LD_RUNPATH_SEARCH_PATHS = "$(inherited) @executable_path/Frameworks";
				PRODUCT_NAME = "$(TARGET_NAME)";
			};
			name = Release;
		};
		2D7817E71A85E7C7001D5B29 /* Debug */ = {
			isa = XCBuildConfiguration;
			buildSettings = {
				BUNDLE_LOADER = "$(TEST_HOST)";
				FRAMEWORK_SEARCH_PATHS = (
					"$(SDKROOT)/Developer/Library/Frameworks",
					"$(inherited)",
				);
				GCC_PREPROCESSOR_DEFINITIONS = (
					"DEBUG=1",
					"$(inherited)",
				);
				INFOPLIST_FILE = NomNomTests/Info.plist;
				LD_RUNPATH_SEARCH_PATHS = "$(inherited) @executable_path/Frameworks @loader_path/Frameworks";
				PRODUCT_NAME = "$(TARGET_NAME)";
				TEST_HOST = "$(BUILT_PRODUCTS_DIR)/NomNom.app/NomNom";
			};
			name = Debug;
		};
		2D7817E81A85E7C7001D5B29 /* Release */ = {
			isa = XCBuildConfiguration;
			buildSettings = {
				BUNDLE_LOADER = "$(TEST_HOST)";
				FRAMEWORK_SEARCH_PATHS = (
					"$(SDKROOT)/Developer/Library/Frameworks",
					"$(inherited)",
				);
				INFOPLIST_FILE = NomNomTests/Info.plist;
				LD_RUNPATH_SEARCH_PATHS = "$(inherited) @executable_path/Frameworks @loader_path/Frameworks";
				PRODUCT_NAME = "$(TARGET_NAME)";
				TEST_HOST = "$(BUILT_PRODUCTS_DIR)/NomNom.app/NomNom";
			};
			name = Release;
		};
/* End XCBuildConfiguration section */

/* Begin XCConfigurationList section */
		2D7817BB1A85E7C7001D5B29 /* Build configuration list for PBXProject "NomNom" */ = {
			isa = XCConfigurationList;
			buildConfigurations = (
				2D7817E11A85E7C7001D5B29 /* Debug */,
				2D7817E21A85E7C7001D5B29 /* Release */,
			);
			defaultConfigurationIsVisible = 0;
			defaultConfigurationName = Release;
		};
		2D7817E31A85E7C7001D5B29 /* Build configuration list for PBXNativeTarget "NomNom" */ = {
			isa = XCConfigurationList;
			buildConfigurations = (
				2D7817E41A85E7C7001D5B29 /* Debug */,
				2D7817E51A85E7C7001D5B29 /* Release */,
			);
			defaultConfigurationIsVisible = 0;
		};
		2D7817E61A85E7C7001D5B29 /* Build configuration list for PBXNativeTarget "NomNomTests" */ = {
			isa = XCConfigurationList;
			buildConfigurations = (
				2D7817E71A85E7C7001D5B29 /* Debug */,
				2D7817E81A85E7C7001D5B29 /* Release */,
			);
			defaultConfigurationIsVisible = 0;
		};
/* End XCConfigurationList section */
	};
	rootObject = 2D7817B81A85E7C7001D5B29 /* Project object */;
}
